
Microsoft Visual Studio Solution File, Format Version 12.00
# Visual Studio Version 17
VisualStudioVersion = 17.12.35707.178
MinimumVisualStudioVersion = 10.0.40219.1
Project("{FAE04EC0-301F-11D3-BF4B-00C04F79EFBC}") = "Valiant", "src\Valiant\Valiant.csproj", "{6E0E1A78-C36C-4E26-A535-752F399956D1}"
EndProject
Project("{FAE04EC0-301F-11D3-BF4B-00C04F79EFBC}") = "Valiant.Core", "src\Valiant.Core\Valiant.Core.csproj", "{D8751DB6-E4BE-41E6-8817-65B7FEAA8EB3}"
EndProject
Project("{2150E333-8FDC-42A3-9474-1A3956D46DE8}") = "locales", "locales", "{DE361EEF-AFA2-4B84-8706-074A3E91D1AC}"
EndProject
Global
	GlobalSection(SolutionConfigurationPlatforms) = preSolution
		Debug|Any CPU = Debug|Any CPU
		Release|Any CPU = Release|Any CPU
	EndGlobalSection
	GlobalSection(ProjectConfigurationPlatforms) = postSolution
		{6E0E1A78-C36C-4E26-A535-752F399956D1}.Debug|Any CPU.ActiveCfg = Debug|Any CPU
		{6E0E1A78-C36C-4E26-A535-752F399956D1}.Debug|Any CPU.Build.0 = Debug|Any CPU
		{6E0E1A78-C36C-4E26-A535-752F399956D1}.Release|Any CPU.ActiveCfg = Release|Any CPU
		{6E0E1A78-C36C-4E26-A535-752F399956D1}.Release|Any CPU.Build.0 = Release|Any CPU
		{D8751DB6-E4BE-41E6-8817-65B7FEAA8EB3}.Debug|Any CPU.ActiveCfg = Debug|Any CPU
		{D8751DB6-E4BE-41E6-8817-65B7FEAA8EB3}.Debug|Any CPU.Build.0 = Debug|Any CPU
		{D8751DB6-E4BE-41E6-8817-65B7FEAA8EB3}.Release|Any CPU.ActiveCfg = Release|Any CPU
		{D8751DB6-E4BE-41E6-8817-65B7FEAA8EB3}.Release|Any CPU.Build.0 = Release|Any CPU
	EndGlobalSection
	GlobalSection(SolutionProperties) = preSolution
		HideSolutionNode = FALSE
	EndGlobalSection
EndGlobal
